{
  "name": "SMARTVisualizationFrontend",
  "lockfileVersion": 2,
  "requires": true,
  "packages": {
    "": {
      "dependencies": {
        "DatePicker": "^2.0.0"
      }
    },
    "node_modules/DatePicker": {
      "version": "2.0.0",
      "resolved": "https://registry.npmjs.org/DatePicker/-/DatePicker-2.0.0.tgz",
      "integrity": "sha512-x5zuXdURsRHGtLJAufN+LaR7EaisJ8HUDrfoHmOHQ5xfqYQa35kIwaQQeAQgc14puau2t1A2slDTuKqJwfZAdA=="
    }
  },
  "dependencies": {
    "DatePicker": {
      "version": "2.0.0",
      "resolved": "https://registry.npmjs.org/DatePicker/-/DatePicker-2.0.0.tgz",
      "integrity": "sha512-x5zuXdURsRHGtLJAufN+LaR7EaisJ8HUDrfoHmOHQ5xfqYQa35kIwaQQeAQgc14puau2t1A2slDTuKqJwfZAdA=="
    }
  }
}
